{
  "name": "aida",
  "version": "1.0.0",
  "lockfileVersion": 1,
  "requires": true,
  "dependencies": {
    "twitter-api-v2": {
      "version": "1.11.0",
      "resolved": "https://registry.npmjs.org/twitter-api-v2/-/twitter-api-v2-1.11.0.tgz",
      "integrity": "sha512-aCIHKtzhQdKp5fYXCHY6HCfkNc9QAhbJ+zIPGzPCbx8/2UnfmNGIVt9eZqsJP5kj96p9BfXMXsTVhn4nvFsBNA=="
    }
  }
}
